// !$*UTF8*$!
{
	archiveVersion = 1;
	classes = {
	};
	objectVersion = 46;
	objects = {

/* Begin PBXBuildFile section */
		E997ECFD20864B8300383390 /* AppDelegate.swift in Sources */ = {isa = PBXBuildFile; fileRef = E997ECFC20864B8300383390 /* AppDelegate.swift */; };
		E997ECFF20864B8300383390 /* ViewController.swift in Sources */ = {isa = PBXBuildFile; fileRef = E997ECFE20864B8300383390 /* ViewController.swift */; };
		E997ED0220864B8300383390 /* Main.storyboard in Resources */ = {isa = PBXBuildFile; fileRef = E997ED0020864B8300383390 /* Main.storyboard */; };
		E997ED0420864B8300383390 /* Assets.xcassets in Resources */ = {isa = PBXBuildFile; fileRef = E997ED0320864B8300383390 /* Assets.xcassets */; };
		E997ED0720864B8300383390 /* LaunchScreen.storyboard in Resources */ = {isa = PBXBuildFile; fileRef = E997ED0520864B8300383390 /* LaunchScreen.storyboard */; };
		E997ED1220864B8300383390 /* CollectionViewExampleTests.swift in Sources */ = {isa = PBXBuildFile; fileRef = E997ED1120864B8300383390 /* CollectionViewExampleTests.swift */; };
		E997ED1D20864B8300383390 /* CollectionViewExampleUITests.swift in Sources */ = {isa = PBXBuildFile; fileRef = E997ED1C20864B8300383390 /* CollectionViewExampleUITests.swift */; };
/* End PBXBuildFile section */

/* Begin PBXContainerItemProxy section */
		E997ED0E20864B8300383390 /* PBXContainerItemProxy */ = {
			isa = PBXContainerItemProxy;
			containerPortal = E997ECF120864B8300383390 /* Project object */;
			proxyType = 1;
			remoteGlobalIDString = E997ECF820864B8300383390;
			remoteInfo = CollectionViewExample;
		};
		E997ED1920864B8300383390 /* PBXContainerItemProxy */ = {
			isa = PBXContainerItemProxy;
			containerPortal = E997ECF120864B8300383390 /* Project object */;
			proxyType = 1;
			remoteGlobalIDString = E997ECF820864B8300383390;
			remoteInfo = CollectionViewExample;
		};
/* End PBXContainerItemProxy section */

/* Begin PBXFileReference section */
		E997ECF920864B8300383390 /* CollectionViewExample.app */ = {isa = PBXFileReference; explicitFileType = wrapper.application; includeInIndex = 0; path = CollectionViewExample.app; sourceTree = BUILT_PRODUCTS_DIR; };
		E997ECFC20864B8300383390 /* AppDelegate.swift */ = {isa = PBXFileReference; lastKnownFileType = sourcecode.swift; path = AppDelegate.swift; sourceTree = "<group>"; };
		E997ECFE20864B8300383390 /* ViewController.swift */ = {isa = PBXFileReference; lastKnownFileType = sourcecode.swift; path = ViewController.swift; sourceTree = "<group>"; };
		E997ED0120864B8300383390 /* Base */ = {isa = PBXFileReference; lastKnownFileType = file.storyboard; name = Base; path = Base.lproj/Main.storyboard; sourceTree = "<group>"; };
		E997ED0320864B8300383390 /* Assets.xcassets */ = {isa = PBXFileReference; lastKnownFileType = folder.assetcatalog; path = Assets.xcassets; sourceTree = "<group>"; };
		E997ED0620864B8300383390 /* Base */ = {isa = PBXFileReference; lastKnownFileType = file.storyboard; name = Base; path = Base.lproj/LaunchScreen.storyboard; sourceTree = "<group>"; };
		E997ED0820864B8300383390 /* Info.plist */ = {isa = PBXFileReference; lastKnownFileType = text.plist.xml; path = Info.plist; sourceTree = "<group>"; };
		E997ED0D20864B8300383390 /* CollectionViewExampleTests.xctest */ = {isa = PBXFileReference; explicitFileType = wrapper.cfbundle; includeInIndex = 0; path = CollectionViewExampleTests.xctest; sourceTree = BUILT_PRODUCTS_DIR; };
		E997ED1120864B8300383390 /* CollectionViewExampleTests.swift */ = {isa = PBXFileReference; lastKnownFileType = sourcecode.swift; path = CollectionViewExampleTests.swift; sourceTree = "<group>"; };
		E997ED1320864B8300383390 /* Info.plist */ = {isa = PBXFileReference; lastKnownFileType = text.plist.xml; path = Info.plist; sourceTree = "<group>"; };
		E997ED1820864B8300383390 /* CollectionViewExampleUITests.xctest */ = {isa = PBXFileReference; explicitFileType = wrapper.cfbundle; includeInIndex = 0; path = CollectionViewExampleUITests.xctest; sourceTree = BUILT_PRODUCTS_DIR; };
		E997ED1C20864B8300383390 /* CollectionViewExampleUITests.swift */ = {isa = PBXFileReference; lastKnownFileType = sourcecode.swift; path = CollectionViewExampleUITests.swift; sourceTree = "<group>"; };
		E997ED1E20864B8300383390 /* Info.plist */ = {isa = PBXFileReference; lastKnownFileType = text.plist.xml; path = Info.plist; sourceTree = "<group>"; };
/* End PBXFileReference section */

/* Begin PBXFrameworksBuildPhase section */
		E997ECF620864B8300383390 /* Frameworks */ = {
			isa = PBXFrameworksBuildPhase;
			buildActionMask = 2147483647;
			files = (
			);
			runOnlyForDeploymentPostprocessing = 0;
		};
		E997ED0A20864B8300383390 /* Frameworks */ = {
			isa = PBXFrameworksBuildPhase;
			buildActionMask = 2147483647;
			files = (
			);
			runOnlyForDeploymentPostprocessing = 0;
		};
		E997ED1520864B8300383390 /* Frameworks */ = {
			isa = PBXFrameworksBuildPhase;
			buildActionMask = 2147483647;
			files = (
			);
			runOnlyForDeploymentPostprocessing = 0;
		};
/* End PBXFrameworksBuildPhase section */

/* Begin PBXGroup section */
		E997ECF020864B8300383390 = {
			isa = PBXGroup;
			children = (
				E997ECFB20864B8300383390 /* CollectionViewExample */,
				E997ED1020864B8300383390 /* CollectionViewExampleTests */,
				E997ED1B20864B8300383390 /* CollectionViewExampleUITests */,
				E997ECFA20864B8300383390 /* Products */,
			);
			sourceTree = "<group>";
		};
		E997ECFA20864B8300383390 /* Products */ = {
			isa = PBXGroup;
			children = (
				E997ECF920864B8300383390 /* CollectionViewExample.app */,
				E997ED0D20864B8300383390 /* CollectionViewExampleTests.xctest */,
				E997ED1820864B8300383390 /* CollectionViewExampleUITests.xctest */,
			);
			name = Products;
			sourceTree = "<group>";
		};
		E997ECFB20864B8300383390 /* CollectionViewExample */ = {
			isa = PBXGroup;
			children = (
				E997ECFC20864B8300383390 /* AppDelegate.swift */,
				E997ECFE20864B8300383390 /* ViewController.swift */,
				E997ED0020864B8300383390 /* Main.storyboard */,
				E997ED0320864B8300383390 /* Assets.xcassets */,
				E997ED0520864B8300383390 /* LaunchScreen.storyboard */,
				E997ED0820864B8300383390 /* Info.plist */,
			);
			path = CollectionViewExample;
			sourceTree = "<group>";
		};
		E997ED1020864B8300383390 /* CollectionViewExampleTests */ = {
			isa = PBXGroup;
			children = (
				E997ED1120864B8300383390 /* CollectionViewExampleTests.swift */,
				E997ED1320864B8300383390 /* Info.plist */,
			);
			path = CollectionViewExampleTests;
			sourceTree = "<group>";
		};
		E997ED1B20864B8300383390 /* CollectionViewExampleUITests */ = {
			isa = PBXGroup;
			children = (
				E997ED1C20864B8300383390 /* CollectionViewExampleUITests.swift */,
				E997ED1E20864B8300383390 /* Info.plist */,
			);
			path = CollectionViewExampleUITests;
			sourceTree = "<group>";
		};
/* End PBXGroup section */

/* Begin PBXNativeTarget section */
		E997ECF820864B8300383390 /* CollectionViewExample */ = {
			isa = PBXNativeTarget;
			buildConfigurationList = E997ED2120864B8300383390 /* Build configuration list for PBXNativeTarget "CollectionViewExample" */;
			buildPhases = (
				E997ECF520864B8300383390 /* Sources */,
				E997ECF620864B8300383390 /* Frameworks */,
				E997ECF720864B8300383390 /* Resources */,
			);
			buildRules = (
			);
			dependencies = (
			);
			name = CollectionViewExample;
			productName = CollectionViewExample;
			productReference = E997ECF920864B8300383390 /* CollectionViewExample.app */;
			productType = "com.apple.product-type.application";
		};
		E997ED0C20864B8300383390 /* CollectionViewExampleTests */ = {
			isa = PBXNativeTarget;
			buildConfigurationList = E997ED2420864B8300383390 /* Build configuration list for PBXNativeTarget "CollectionViewExampleTests" */;
			buildPhases = (
				E997ED0920864B8300383390 /* Sources */,
				E997ED0A20864B8300383390 /* Frameworks */,
				E997ED0B20864B8300383390 /* Resources */,
			);
			buildRules = (
			);
			dependencies = (
				E997ED0F20864B8300383390 /* PBXTargetDependency */,
			);
			name = CollectionViewExampleTests;
			productName = CollectionViewExampleTests;
			productReference = E997ED0D20864B8300383390 /* CollectionViewExampleTests.xctest */;
			productType = "com.apple.product-type.bundle.unit-test";
		};
		E997ED1720864B8300383390 /* CollectionViewExampleUITests */ = {
			isa = PBXNativeTarget;
			buildConfigurationList = E997ED2720864B8300383390 /* Build configuration list for PBXNativeTarget "CollectionViewExampleUITests" */;
			buildPhases = (
				E997ED1420864B8300383390 /* Sources */,
				E997ED1520864B8300383390 /* Frameworks */,
				E997ED1620864B8300383390 /* Resources */,
			);
			buildRules = (
			);
			dependencies = (
				E997ED1A20864B8300383390 /* PBXTargetDependency */,
			);
			name = CollectionViewExampleUITests;
			productName = CollectionViewExampleUITests;
			productReference = E997ED1820864B8300383390 /* CollectionViewExampleUITests.xctest */;
			productType = "com.apple.product-type.bundle.ui-testing";
		};
/* End PBXNativeTarget section */

/* Begin PBXProject section */
		E997ECF120864B8300383390 /* Project object */ = {
			isa = PBXProject;
			attributes = {
				LastSwiftUpdateCheck = 0820;
				LastUpgradeCheck = 0820;
				ORGANIZATIONNAME = JH;
				TargetAttributes = {
					E997ECF820864B8300383390 = {
						CreatedOnToolsVersion = 8.2.1;
						ProvisioningStyle = Automatic;
					};
					E997ED0C20864B8300383390 = {
						CreatedOnToolsVersion = 8.2.1;
						ProvisioningStyle = Automatic;
						TestTargetID = E997ECF820864B8300383390;
					};
					E997ED1720864B8300383390 = {
						CreatedOnToolsVersion = 8.2.1;
						ProvisioningStyle = Automatic;
						TestTargetID = E997ECF820864B8300383390;
					};
				};
			};
			buildConfigurationList = E997ECF420864B8300383390 /* Build configuration list for PBXProject "CollectionViewExample" */;
			compatibilityVersion = "Xcode 3.2";
			developmentRegion = English;
			hasScannedForEncodings = 0;
			knownRegions = (
				en,
				Base,
			);
			mainGroup = E997ECF020864B8300383390;
			productRefGroup = E997ECFA20864B8300383390 /* Products */;
			projectDirPath = "";
			projectRoot = "";
			targets = (
				E997ECF820864B8300383390 /* CollectionViewExample */,
				E997ED0C20864B8300383390 /* CollectionViewExampleTests */,
				E997ED1720864B8300383390 /* CollectionViewExampleUITests */,
			);
		};
/* End PBXProject section */

/* Begin PBXResourcesBuildPhase section */
		E997ECF720864B8300383390 /* Resources */ = {
			isa = PBXResourcesBuildPhase;
			buildActionMask = 2147483647;
			files = (
				E997ED0720864B8300383390 /* LaunchScreen.storyboard in Resources */,
				E997ED0420864B8300383390 /* Assets.xcassets in Resources */,
				E997ED0220864B8300383390 /* Main.storyboard in Resources */,
			);
			runOnlyForDeploymentPostprocessing = 0;
		};
		E997ED0B20864B8300383390 /* Resources */ = {
			isa = PBXResourcesBuildPhase;
			buildActionMask = 2147483647;
			files = (
			);
			runOnlyForDeploymentPostprocessing = 0;
		};
		E997ED1620864B8300383390 /* Resources */ = {
			isa = PBXResourcesBuildPhase;
			buildActionMask = 2147483647;
			files = (
			);
			runOnlyForDeploymentPostprocessing = 0;
		};
/* End PBXResourcesBuildPhase section */

/* Begin PBXSourcesBuildPhase section */
		E997ECF520864B8300383390 /* Sources */ = {
			isa = PBXSourcesBuildPhase;
			buildActionMask = 2147483647;
			files = (
				E997ECFF20864B8300383390 /* ViewController.swift in Sources */,
				E997ECFD20864B8300383390 /* AppDelegate.swift in Sources */,
			);
			runOnlyForDeploymentPostprocessing = 0;
		};
		E997ED0920864B8300383390 /* Sources */ = {
			isa = PBXSourcesBuildPhase;
			buildActionMask = 2147483647;
			files = (
				E997ED1220864B8300383390 /* CollectionViewExampleTests.swift in Sources */,
			);
			runOnlyForDeploymentPostprocessing = 0;
		};
		E997ED1420864B8300383390 /* Sources */ = {
			isa = PBXSourcesBuildPhase;
			buildActionMask = 2147483647;
			files = (
				E997ED1D20864B8300383390 /* CollectionViewExampleUITests.swift in Sources */,
			);
			runOnlyForDeploymentPostprocessing = 0;
		};
/* End PBXSourcesBuildPhase section */

/* Begin PBXTargetDependency section */
		E997ED0F20864B8300383390 /* PBXTargetDependency */ = {
			isa = PBXTargetDependency;
			target = E997ECF820864B8300383390 /* CollectionViewExample */;
			targetProxy = E997ED0E20864B8300383390 /* PBXContainerItemProxy */;
		};
		E997ED1A20864B8300383390 /* PBXTargetDependency */ = {
			isa = PBXTargetDependency;
			target = E997ECF820864B8300383390 /* CollectionViewExample */;
			targetProxy = E997ED1920864B8300383390 /* PBXContainerItemProxy */;
		};
/* End PBXTargetDependency section */

/* Begin PBXVariantGroup section */
		E997ED0020864B8300383390 /* Main.storyboard */ = {
			isa = PBXVariantGroup;
			children = (
				E997ED0120864B8300383390 /* Base */,
			);
			name = Main.storyboard;
			sourceTree = "<group>";
		};
		E997ED0520864B8300383390 /* LaunchScreen.storyboard */ = {
			isa = PBXVariantGroup;
			children = (
				E997ED0620864B8300383390 /* Base */,
			);
			name = LaunchScreen.storyboard;
			sourceTree = "<group>";
		};
/* End PBXVariantGroup section */

/* Begin XCBuildConfiguration section */
		E997ED1F20864B8300383390 /* Debug */ = {
			isa = XCBuildConfiguration;
			buildSettings = {
				ALWAYS_SEARCH_USER_PATHS = NO;
				CLANG_ANALYZER_NONNULL = YES;
				CLANG_CXX_LANGUAGE_STANDARD = "gnu++0x";
				CLANG_CXX_LIBRARY = "libc++";
				CLANG_ENABLE_MODULES = YES;
				CLANG_ENABLE_OBJC_ARC = YES;
				CLANG_WARN_BOOL_CONVERSION = YES;
				CLANG_WARN_CONSTANT_CONVERSION = YES;
				CLANG_WARN_DIRECT_OBJC_ISA_USAGE = YES_ERROR;
				CLANG_WARN_DOCUMENTATION_COMMENTS = YES;
				CLANG_WARN_EMPTY_BODY = YES;
				CLANG_WARN_ENUM_CONVERSION = YES;
				CLANG_WARN_INFINITE_RECURSION = YES;
				CLANG_WARN_INT_CONVERSION = YES;
				CLANG_WARN_OBJC_ROOT_CLASS = YES_ERROR;
				CLANG_WARN_SUSPICIOUS_MOVE = YES;
				CLANG_WARN_UNREACHABLE_CODE = YES;
				CLANG_WARN__DUPLICATE_METHOD_MATCH = YES;
				"CODE_SIGN_IDENTITY[sdk=iphoneos*]" = "iPhone Developer";
				COPY_PHASE_STRIP = NO;
				DEBUG_INFORMATION_FORMAT = dwarf;
				ENABLE_STRICT_OBJC_MSGSEND = YES;
				ENABLE_TESTABILITY = YES;
				GCC_C_LANGUAGE_STANDARD = gnu99;
				GCC_DYNAMIC_NO_PIC = NO;
				GCC_NO_COMMON_BLOCKS = YES;
				GCC_OPTIMIZATION_LEVEL = 0;
				GCC_PREPROCESSOR_DEFINITIONS = (
					"DEBUG=1",
					"$(inherited)",
				);
				GCC_WARN_64_TO_32_BIT_CONVERSION = YES;
				GCC_WARN_ABOUT_RETURN_TYPE = YES_ERROR;
				GCC_WARN_UNDECLARED_SELECTOR = YES;
				GCC_WARN_UNINITIALIZED_AUTOS = YES_AGGRESSIVE;
				GCC_WARN_UNUSED_FUNCTION = YES;
				GCC_WARN_UNUSED_VARIABLE = YES;
				IPHONEOS_DEPLOYMENT_TARGET = 10.2;
				MTL_ENABLE_DEBUG_INFO = YES;
				ONLY_ACTIVE_ARCH = YES;
				SDKROOT = iphoneos;
				SWIFT_ACTIVE_COMPILATION_CONDITIONS = DEBUG;
				SWIFT_OPTIMIZATION_LEVEL = "-Onone";
				TARGETED_DEVICE_FAMILY = "1,2";
			};
			name = Debug;
		};
		E997ED2020864B8300383390 /* Release */ = {
			isa = XCBuildConfiguration;
			buildSettings = {
				ALWAYS_SEARCH_USER_PATHS = NO;
				CLANG_ANALYZER_NONNULL = YES;
				CLANG_CXX_LANGUAGE_STANDARD = "gnu++0x";
				CLANG_CXX_LIBRARY = "libc++";
				CLANG_ENABLE_MODULES = YES;
				CLANG_ENABLE_OBJC_ARC = YES;
				CLANG_WARN_BOOL_CONVERSION = YES;
				CLANG_WARN_CONSTANT_CONVERSION = YES;
				CLANG_WARN_DIRECT_OBJC_ISA_USAGE = YES_ERROR;
				CLANG_WARN_DOCUMENTATION_COMMENTS = YES;
				CLANG_WARN_EMPTY_BODY = YES;
				CLANG_WARN_ENUM_CONVERSION = YES;
				CLANG_WARN_INFINITE_RECURSION = YES;
				CLANG_WARN_INT_CONVERSION = YES;
				CLANG_WARN_OBJC_ROOT_CLASS = YES_ERROR;
				CLANG_WARN_SUSPICIOUS_MOVE = YES;
				CLANG_WARN_UNREACHABLE_CODE = YES;
				CLANG_WARN__DUPLICATE_METHOD_MATCH = YES;
				"CODE_SIGN_IDENTITY[sdk=iphoneos*]" = "iPhone Developer";
				COPY_PHASE_STRIP = NO;
				DEBUG_INFORMATION_FORMAT = "dwarf-with-dsym";
				ENABLE_NS_ASSERTIONS = NO;
				ENABLE_STRICT_OBJC_MSGSEND = YES;
				GCC_C_LANGUAGE_STANDARD = gnu99;
				GCC_NO_COMMON_BLOCKS = YES;
				GCC_WARN_64_TO_32_BIT_CONVERSION = YES;
				GCC_WARN_ABOUT_RETURN_TYPE = YES_ERROR;
				GCC_WARN_UNDECLARED_SELECTOR = YES;
				GCC_WARN_UNINITIALIZED_AUTOS = YES_AGGRESSIVE;
				GCC_WARN_UNUSED_FUNCTION = YES;
				GCC_WARN_UNUSED_VARIABLE = YES;
				IPHONEOS_DEPLOYMENT_TARGET = 10.2;
				MTL_ENABLE_DEBUG_INFO = NO;
				SDKROOT = iphoneos;
				SWIFT_OPTIMIZATION_LEVEL = "-Owholemodule";
				TARGETED_DEVICE_FAMILY = "1,2";
				VALIDATE_PRODUCT = YES;
			};
			name = Release;
		};
		E997ED2220864B8300383390 /* Debug */ = {
			isa = XCBuildConfiguration;
			buildSettings = {
				ASSETCATALOG_COMPILER_APPICON_NAME = AppIcon;
				INFOPLIST_FILE = CollectionViewExample/Info.plist;
				LD_RUNPATH_SEARCH_PATHS = "$(inherited) @executable_path/Frameworks";
				PRODUCT_BUNDLE_IDENTIFIER = com.jinha.CollectionViewExample;
				PRODUCT_NAME = "$(TARGET_NAME)";
				SWIFT_VERSION = 3.0;
			};
			name = Debug;
		};
		E997ED2320864B8300383390 /* Release */ = {
			isa = XCBuildConfiguration;
			buildSettings = {
				ASSETCATALOG_COMPILER_APPICON_NAME = AppIcon;
				INFOPLIST_FILE = CollectionViewExample/Info.plist;
				LD_RUNPATH_SEARCH_PATHS = "$(inherited) @executable_path/Frameworks";
				PRODUCT_BUNDLE_IDENTIFIER = com.jinha.CollectionViewExample;
				PRODUCT_NAME = "$(TARGET_NAME)";
				SWIFT_VERSION = 3.0;
			};
			name = Release;
		};
		E997ED2520864B8300383390 /* Debug */ = {
			isa = XCBuildConfiguration;
			buildSettings = {
				ALWAYS_EMBED_SWIFT_STANDARD_LIBRARIES = YES;
				BUNDLE_LOADER = "$(TEST_HOST)";
				INFOPLIST_FILE = CollectionViewExampleTests/Info.plist;
				LD_RUNPATH_SEARCH_PATHS = "$(inherited) @executable_path/Frameworks @loader_path/Frameworks";
				PRODUCT_BUNDLE_IDENTIFIER = com.jinha.CollectionViewExampleTests;
				PRODUCT_NAME = "$(TARGET_NAME)";
				SWIFT_VERSION = 3.0;
				TEST_HOST = "$(BUILT_PRODUCTS_DIR)/CollectionViewExample.app/CollectionViewExample";
			};
			name = Debug;
		};
		E997ED2620864B8300383390 /* Release */ = {
			isa = XCBuildConfiguration;
			buildSettings = {
				ALWAYS_EMBED_SWIFT_STANDARD_LIBRARIES = YES;
				BUNDLE_LOADER = "$(TEST_HOST)";
				INFOPLIST_FILE = CollectionViewExampleTests/Info.plist;
				LD_RUNPATH_SEARCH_PATHS = "$(inherited) @executable_path/Frameworks @loader_path/Frameworks";
				PRODUCT_BUNDLE_IDENTIFIER = com.jinha.CollectionViewExampleTests;
				PRODUCT_NAME = "$(TARGET_NAME)";
				SWIFT_VERSION = 3.0;
				TEST_HOST = "$(BUILT_PRODUCTS_DIR)/CollectionViewExample.app/CollectionViewExample";
			};
			name = Release;
		};
		E997ED2820864B8300383390 /* Debug */ = {
			isa = XCBuildConfiguration;
			buildSettings = {
				ALWAYS_EMBED_SWIFT_STANDARD_LIBRARIES = YES;
				INFOPLIST_FILE = CollectionViewExampleUITests/Info.plist;
				LD_RUNPATH_SEARCH_PATHS = "$(inherited) @executable_path/Frameworks @loader_path/Frameworks";
				PRODUCT_BUNDLE_IDENTIFIER = com.jinha.CollectionViewExampleUITests;
				PRODUCT_NAME = "$(TARGET_NAME)";
				SWIFT_VERSION = 3.0;
				TEST_TARGET_NAME = CollectionViewExample;
			};
			name = Debug;
		};
		E997ED2920864B8300383390 /* Release */ = {
			isa = XCBuildConfiguration;
			buildSettings = {
				ALWAYS_EMBED_SWIFT_STANDARD_LIBRARIES = YES;
				INFOPLIST_FILE = CollectionViewExampleUITests/Info.plist;
				LD_RUNPATH_SEARCH_PATHS = "$(inherited) @executable_path/Frameworks @loader_path/Frameworks";
				PRODUCT_BUNDLE_IDENTIFIER = com.jinha.CollectionViewExampleUITests;
				PRODUCT_NAME = "$(TARGET_NAME)";
				SWIFT_VERSION = 3.0;
				TEST_TARGET_NAME = CollectionViewExample;
			};
			name = Release;
		};
/* End XCBuildConfiguration section */

/* Begin XCConfigurationList section */
		E997ECF420864B8300383390 /* Build configuration list for PBXProject "CollectionViewExample" */ = {
			isa = XCConfigurationList;
			buildConfigurations = (
				E997ED1F20864B8300383390 /* Debug */,
				E997ED2020864B8300383390 /* Release */,
			);
			defaultConfigurationIsVisible = 0;
			defaultConfigurationName = Release;
		};
		E997ED2120864B8300383390 /* Build configuration list for PBXNativeTarget "CollectionViewExample" */ = {
			isa = XCConfigurationList;
			buildConfigurations = (
				E997ED2220864B8300383390 /* Debug */,
				E997ED2320864B8300383390 /* Release */,
			);
			defaultConfigurationIsVisible = 0;
		};
		E997ED2420864B8300383390 /* Build configuration list for PBXNativeTarget "CollectionViewExampleTests" */ = {
			isa = XCConfigurationList;
			buildConfigurations = (
				E997ED2520864B8300383390 /* Debug */,
				E997ED2620864B8300383390 /* Release */,
			);
			defaultConfigurationIsVisible = 0;
		};
		E997ED2720864B8300383390 /* Build configuration list for PBXNativeTarget "CollectionViewExampleUITests" */ = {
			isa = XCConfigurationList;
			buildConfigurations = (
				E997ED2820864B8300383390 /* Debug */,
				E997ED2920864B8300383390 /* Release */,
			);
			defaultConfigurationIsVisible = 0;
		};
/* End XCConfigurationList section */
	};
	rootObject = E997ECF120864B8300383390 /* Project object */;
}
